
Microsoft Visual Studio Solution File, Format Version 12.00
# Visual Studio 14
VisualStudioVersion = 14.0.25420.1
MinimumVisualStudioVersion = 10.0.40219.1
Project("{FAE04EC0-301F-11D3-BF4B-00C04F79EFBC}") = "BulkKBUpload", "BulkKBUpload\BulkKBUpload.csproj", "{D603651B-FCD6-42E4-AFE8-206F5A3461A1}"
EndProject
Global
	GlobalSection(SolutionConfigurationPlatforms) = preSolution
		Debug|Any CPU = Debug|Any CPU
		Release|Any CPU = Release|Any CPU
	EndGlobalSection
	GlobalSection(ProjectConfigurationPlatforms) = postSolution
		{D603651B-FCD6-42E4-AFE8-206F5A3461A1}.Debug|Any CPU.ActiveCfg = Debug|Any CPU
		{D603651B-FCD6-42E4-AFE8-206F5A3461A1}.Debug|Any CPU.Build.0 = Debug|Any CPU
		{D603651B-FCD6-42E4-AFE8-206F5A3461A1}.Release|Any CPU.ActiveCfg = Release|Any CPU
		{D603651B-FCD6-42E4-AFE8-206F5A3461A1}.Release|Any CPU.Build.0 = Release|Any CPU
	EndGlobalSection
	GlobalSection(SolutionProperties) = preSolution
		HideSolutionNode = FALSE
	EndGlobalSection
	GlobalSection(TeamFoundationVersionControl) = preSolution
		SccNumberOfProjects = 2
		SccEnterpriseProvider = {4CA58AB2-18FA-4F8D-95D4-32DDF27D184C}
		SccTeamFoundationServer = https://milestonedev.visualstudio.com/defaultcollection
		SccLocalPath0 = .
		SccProjectUniqueName1 = BulkKBUpload\\BulkKBUpload.csproj
		SccProjectName1 = BulkKBUpload
		SccLocalPath1 = BulkKBUpload
	EndGlobalSection
EndGlobal
